PODS:
  - Debugo (0.4.0):
    - Debugo/Core (= 0.4.0)
  - Debugo/Core (0.4.0):
    - FMDB (>= 2.7.2)
  - DebugTool (0.1.0):
    - SnapKit
    - Yaml
  - FMDB (2.7.5):
    - FMDB/standard (= 2.7.5)
  - FMDB/standard (2.7.5)
  - KFAVKit (0.1.0)
  - SnapKit (5.0.1)
  - ToyImageLoader (0.0.3)
  - Yaml (3.4.4)

DEPENDENCIES:
  - Debugo
  - DebugTool (from `./developing_pods/DebugTool`)
  - KFAVKit (from `https://github.com/dclcs/KFAVKit.git`, tag `0.0.1_beta`)
  - ToyImageLoader (from `https://github.com/dclcs/ToyImageLoader.git`, tag `0.0.3_beta`)

SPEC REPOS:
  trunk:
    - Debugo
    - FMDB
    - SnapKit
    - Yaml

EXTERNAL SOURCES:
  DebugTool:
    :path: "./developing_pods/DebugTool"
  KFAVKit:
    :git: https://github.com/dclcs/KFAVKit.git
    :tag: 0.0.1_beta
  ToyImageLoader:
    :git: https://github.com/dclcs/ToyImageLoader.git
    :tag: 0.0.3_beta

CHECKOUT OPTIONS:
  KFAVKit:
    :git: https://github.com/dclcs/KFAVKit.git
    :tag: 0.0.1_beta
  ToyImageLoader:
    :git: https://github.com/dclcs/ToyImageLoader.git
    :tag: 0.0.3_beta

SPEC CHECKSUMS:
  Debugo: 7ea74eca356172e17622b6de46a8f2f9e97724ae
  DebugTool: cc0a01c8d6555af888c88842945599acf90d5603
  FMDB: 2ce00b547f966261cd18927a3ddb07cb6f3db82a
  KFAVKit: f6c89eeef8354ab0d136a116c5468afdb0434556
  SnapKit: 97b92857e3df3a0c71833cce143274bf6ef8e5eb
  ToyImageLoader: 178c4d8636fd0cd67c3e6b2b0e5a5337a627d15e
  Yaml: 52831fc1d9ac2db4ddf6d7562993457127256ca6

PODFILE CHECKSUM: f3f87b6952cce485d7c5b63a08cbaaaf0fcb5efb

COCOAPODS: 1.11.3
